// !$*UTF8*$!
{
	archiveVersion = 1;
	classes = {
	};
	objectVersion = 56;
	objects = {

/* Begin PBXBuildFile section */
		219171672BA1AE2500E74011 /* SwiftGenTemplate.stencil in Resources */ = {isa = PBXBuildFile; fileRef = 219171662BA1AE2500E74011 /* SwiftGenTemplate.stencil */; };
		219171692BA1AE8600E74011 /* XCAssets+Generated.swift in Sources */ = {isa = PBXBuildFile; fileRef = 219171682BA1AE8600E74011 /* XCAssets+Generated.swift */; };
		2191716C2BA1B08E00E74011 /* MapboxMaps in Frameworks */ = {isa = PBXBuildFile; productRef = 2191716B2BA1B08E00E74011 /* MapboxMaps */; };
		2191716E2BA1B1B500E74011 /* CircleButton.swift in Sources */ = {isa = PBXBuildFile; fileRef = 2191716D2BA1B1B500E74011 /* CircleButton.swift */; };
		219171712BA1B4EF00E74011 /* PointAnnotation+setup.swift in Sources */ = {isa = PBXBuildFile; fileRef = 219171702BA1B4EF00E74011 /* PointAnnotation+setup.swift */; };
		219171742BA1B51300E74011 /* PointAnnotationInfo.swift in Sources */ = {isa = PBXBuildFile; fileRef = 219171732BA1B51300E74011 /* PointAnnotationInfo.swift */; };
		219171762BA1B57A00E74011 /* InfoPopupViewController.swift in Sources */ = {isa = PBXBuildFile; fileRef = 219171752BA1B57A00E74011 /* InfoPopupViewController.swift */; };
		219171782BA1B5D000E74011 /* FillDataPopupViewController.swift in Sources */ = {isa = PBXBuildFile; fileRef = 219171772BA1B5D000E74011 /* FillDataPopupViewController.swift */; };
		2191717A2BA1B67300E74011 /* AnnotationView.swift in Sources */ = {isa = PBXBuildFile; fileRef = 219171792BA1B67300E74011 /* AnnotationView.swift */; };
		21AA81A32BA1ABC200E4FCDC /* AppDelegate.swift in Sources */ = {isa = PBXBuildFile; fileRef = 21AA81A22BA1ABC200E4FCDC /* AppDelegate.swift */; };
		21AA81A52BA1ABC200E4FCDC /* SceneDelegate.swift in Sources */ = {isa = PBXBuildFile; fileRef = 21AA81A42BA1ABC200E4FCDC /* SceneDelegate.swift */; };
		21AA81A72BA1ABC200E4FCDC /* MainViewController.swift in Sources */ = {isa = PBXBuildFile; fileRef = 21AA81A62BA1ABC200E4FCDC /* MainViewController.swift */; };
		21AA81AC2BA1ABC400E4FCDC /* Assets.xcassets in Resources */ = {isa = PBXBuildFile; fileRef = 21AA81AB2BA1ABC400E4FCDC /* Assets.xcassets */; };
		21AA81AF2BA1ABC400E4FCDC /* LaunchScreen.storyboard in Resources */ = {isa = PBXBuildFile; fileRef = 21AA81AD2BA1ABC400E4FCDC /* LaunchScreen.storyboard */; };
/* End PBXBuildFile section */

/* Begin PBXFileReference section */
		219171662BA1AE2500E74011 /* SwiftGenTemplate.stencil */ = {isa = PBXFileReference; fileEncoding = 4; lastKnownFileType = text; path = SwiftGenTemplate.stencil; sourceTree = "<group>"; };
		219171682BA1AE8600E74011 /* XCAssets+Generated.swift */ = {isa = PBXFileReference; fileEncoding = 4; lastKnownFileType = sourcecode.swift; path = "XCAssets+Generated.swift"; sourceTree = "<group>"; };
		2191716D2BA1B1B500E74011 /* CircleButton.swift */ = {isa = PBXFileReference; lastKnownFileType = sourcecode.swift; path = CircleButton.swift; sourceTree = "<group>"; };
		219171702BA1B4EF00E74011 /* PointAnnotation+setup.swift */ = {isa = PBXFileReference; lastKnownFileType = sourcecode.swift; path = "PointAnnotation+setup.swift"; sourceTree = "<group>"; };
		219171732BA1B51300E74011 /* PointAnnotationInfo.swift */ = {isa = PBXFileReference; lastKnownFileType = sourcecode.swift; path = PointAnnotationInfo.swift; sourceTree = "<group>"; };
		219171752BA1B57A00E74011 /* InfoPopupViewController.swift */ = {isa = PBXFileReference; lastKnownFileType = sourcecode.swift; path = InfoPopupViewController.swift; sourceTree = "<group>"; };
		219171772BA1B5D000E74011 /* FillDataPopupViewController.swift */ = {isa = PBXFileReference; lastKnownFileType = sourcecode.swift; path = FillDataPopupViewController.swift; sourceTree = "<group>"; };
		219171792BA1B67300E74011 /* AnnotationView.swift */ = {isa = PBXFileReference; lastKnownFileType = sourcecode.swift; path = AnnotationView.swift; sourceTree = "<group>"; };
		21AA819F2BA1ABC200E4FCDC /* OpenStreetMapTest.app */ = {isa = PBXFileReference; explicitFileType = wrapper.application; includeInIndex = 0; path = OpenStreetMapTest.app; sourceTree = BUILT_PRODUCTS_DIR; };
		21AA81A22BA1ABC200E4FCDC /* AppDelegate.swift */ = {isa = PBXFileReference; lastKnownFileType = sourcecode.swift; path = AppDelegate.swift; sourceTree = "<group>"; };
		21AA81A42BA1ABC200E4FCDC /* SceneDelegate.swift */ = {isa = PBXFileReference; lastKnownFileType = sourcecode.swift; path = SceneDelegate.swift; sourceTree = "<group>"; };
		21AA81A62BA1ABC200E4FCDC /* MainViewController.swift */ = {isa = PBXFileReference; lastKnownFileType = sourcecode.swift; path = MainViewController.swift; sourceTree = "<group>"; };
		21AA81AB2BA1ABC400E4FCDC /* Assets.xcassets */ = {isa = PBXFileReference; lastKnownFileType = folder.assetcatalog; path = Assets.xcassets; sourceTree = "<group>"; };
		21AA81AE2BA1ABC400E4FCDC /* Base */ = {isa = PBXFileReference; lastKnownFileType = file.storyboard; name = Base; path = Base.lproj/LaunchScreen.storyboard; sourceTree = "<group>"; };
		21AA81B02BA1ABC400E4FCDC /* Info.plist */ = {isa = PBXFileReference; lastKnownFileType = text.plist.xml; path = Info.plist; sourceTree = "<group>"; };
/* End PBXFileReference section */

/* Begin PBXFrameworksBuildPhase section */
		21AA819C2BA1ABC200E4FCDC /* Frameworks */ = {
			isa = PBXFrameworksBuildPhase;
			buildActionMask = 2147483647;
			files = (
				2191716C2BA1B08E00E74011 /* MapboxMaps in Frameworks */,
			);
			runOnlyForDeploymentPostprocessing = 0;
		};
/* End PBXFrameworksBuildPhase section */

/* Begin PBXGroup section */
		219171612BA1AD1000E74011 /* Resources */ = {
			isa = PBXGroup;
			children = (
				21AA81AB2BA1ABC400E4FCDC /* Assets.xcassets */,
			);
			path = Resources;
			sourceTree = "<group>";
		};
		219171622BA1AD1D00E74011 /* App */ = {
			isa = PBXGroup;
			children = (
				21AA81A22BA1ABC200E4FCDC /* AppDelegate.swift */,
				21AA81A42BA1ABC200E4FCDC /* SceneDelegate.swift */,
				21AA81A62BA1ABC200E4FCDC /* MainViewController.swift */,
				2191716D2BA1B1B500E74011 /* CircleButton.swift */,
				219171752BA1B57A00E74011 /* InfoPopupViewController.swift */,
				219171772BA1B5D000E74011 /* FillDataPopupViewController.swift */,
				219171792BA1B67300E74011 /* AnnotationView.swift */,
			);
			path = App;
			sourceTree = "<group>";
		};
		219171632BA1AD3D00E74011 /* SupportingFiles */ = {
			isa = PBXGroup;
			children = (
				21AA81AD2BA1ABC400E4FCDC /* LaunchScreen.storyboard */,
				21AA81B02BA1ABC400E4FCDC /* Info.plist */,
			);
			path = SupportingFiles;
			sourceTree = "<group>";
		};
		219171642BA1AD5B00E74011 /* Generated */ = {
			isa = PBXGroup;
			children = (
				219171682BA1AE8600E74011 /* XCAssets+Generated.swift */,
				219171652BA1AD6300E74011 /* Templates */,
			);
			path = Generated;
			sourceTree = "<group>";
		};
		219171652BA1AD6300E74011 /* Templates */ = {
			isa = PBXGroup;
			children = (
				219171662BA1AE2500E74011 /* SwiftGenTemplate.stencil */,
			);
			path = Templates;
			sourceTree = "<group>";
		};
		2191716F2BA1B4BE00E74011 /* Extensions */ = {
			isa = PBXGroup;
			children = (
				219171702BA1B4EF00E74011 /* PointAnnotation+setup.swift */,
			);
			path = Extensions;
			sourceTree = "<group>";
		};
		219171722BA1B50200E74011 /* Model */ = {
			isa = PBXGroup;
			children = (
				219171732BA1B51300E74011 /* PointAnnotationInfo.swift */,
			);
			path = Model;
			sourceTree = "<group>";
		};
		21AA81962BA1ABC200E4FCDC = {
			isa = PBXGroup;
			children = (
				21AA81A12BA1ABC200E4FCDC /* OpenStreetMapTest */,
				21AA81A02BA1ABC200E4FCDC /* Products */,
			);
			sourceTree = "<group>";
		};
		21AA81A02BA1ABC200E4FCDC /* Products */ = {
			isa = PBXGroup;
			children = (
				21AA819F2BA1ABC200E4FCDC /* OpenStreetMapTest.app */,
			);
			name = Products;
			sourceTree = "<group>";
		};
		21AA81A12BA1ABC200E4FCDC /* OpenStreetMapTest */ = {
			isa = PBXGroup;
			children = (
				219171622BA1AD1D00E74011 /* App */,
				219171722BA1B50200E74011 /* Model */,
				2191716F2BA1B4BE00E74011 /* Extensions */,
				219171612BA1AD1000E74011 /* Resources */,
				219171642BA1AD5B00E74011 /* Generated */,
				219171632BA1AD3D00E74011 /* SupportingFiles */,
			);
			path = OpenStreetMapTest;
			sourceTree = "<group>";
		};
/* End PBXGroup section */

/* Begin PBXNativeTarget section */
		21AA819E2BA1ABC200E4FCDC /* OpenStreetMapTest */ = {
			isa = PBXNativeTarget;
			buildConfigurationList = 21AA81B32BA1ABC400E4FCDC /* Build configuration list for PBXNativeTarget "OpenStreetMapTest" */;
			buildPhases = (
				21AA81B72BA1AC5900E4FCDC /* Swiftgen */,
				21AA819B2BA1ABC200E4FCDC /* Sources */,
				21AA819C2BA1ABC200E4FCDC /* Frameworks */,
				21AA819D2BA1ABC200E4FCDC /* Resources */,
				21AA81B62BA1AC3500E4FCDC /* Swiftlint */,
			);
			buildRules = (
			);
			dependencies = (
			);
			name = OpenStreetMapTest;
			packageProductDependencies = (
				2191716B2BA1B08E00E74011 /* MapboxMaps */,
			);
			productName = OpenStreetMapTest;
			productReference = 21AA819F2BA1ABC200E4FCDC /* OpenStreetMapTest.app */;
			productType = "com.apple.product-type.application";
		};
/* End PBXNativeTarget section */

/* Begin PBXProject section */
		21AA81972BA1ABC200E4FCDC /* Project object */ = {
			isa = PBXProject;
			attributes = {
				BuildIndependentTargetsInParallel = 1;
				LastSwiftUpdateCheck = 1520;
				LastUpgradeCheck = 1520;
				TargetAttributes = {
					21AA819E2BA1ABC200E4FCDC = {
						CreatedOnToolsVersion = 15.2;
					};
				};
			};
			buildConfigurationList = 21AA819A2BA1ABC200E4FCDC /* Build configuration list for PBXProject "OpenStreetMapTest" */;
			compatibilityVersion = "Xcode 14.0";
			developmentRegion = en;
			hasScannedForEncodings = 0;
			knownRegions = (
				en,
				Base,
			);
			mainGroup = 21AA81962BA1ABC200E4FCDC;
			packageReferences = (
				2191716A2BA1B08E00E74011 /* XCRemoteSwiftPackageReference "mapbox-maps-ios" */,
			);
			productRefGroup = 21AA81A02BA1ABC200E4FCDC /* Products */;
			projectDirPath = "";
			projectRoot = "";
			targets = (
				21AA819E2BA1ABC200E4FCDC /* OpenStreetMapTest */,
			);
		};
/* End PBXProject section */

/* Begin PBXResourcesBuildPhase section */
		21AA819D2BA1ABC200E4FCDC /* Resources */ = {
			isa = PBXResourcesBuildPhase;
			buildActionMask = 2147483647;
			files = (
				21AA81AF2BA1ABC400E4FCDC /* LaunchScreen.storyboard in Resources */,
				219171672BA1AE2500E74011 /* SwiftGenTemplate.stencil in Resources */,
				21AA81AC2BA1ABC400E4FCDC /* Assets.xcassets in Resources */,
			);
			runOnlyForDeploymentPostprocessing = 0;
		};
/* End PBXResourcesBuildPhase section */

/* Begin PBXShellScriptBuildPhase section */
		21AA81B62BA1AC3500E4FCDC /* Swiftlint */ = {
			isa = PBXShellScriptBuildPhase;
			alwaysOutOfDate = 1;
			buildActionMask = 2147483647;
			files = (
			);
			inputFileListPaths = (
			);
			inputPaths = (
			);
			name = Swiftlint;
			outputFileListPaths = (
			);
			outputPaths = (
			);
			runOnlyForDeploymentPostprocessing = 0;
			shellPath = /bin/sh;
			shellScript = "if [[ \"$(uname -m)\" == arm64 ]]; then\n    export PATH=\"/opt/homebrew/bin:$PATH\"\nfi\n\nif which swiftlint > /dev/null; then\n  swiftlint\nelse\n  echo \"warning: SwiftLint not installed, download from https://github.com/realm/SwiftLint\"\nfi\n";
			showEnvVarsInLog = 0;
		};
		21AA81B72BA1AC5900E4FCDC /* Swiftgen */ = {
			isa = PBXShellScriptBuildPhase;
			alwaysOutOfDate = 1;
			buildActionMask = 2147483647;
			files = (
			);
			inputFileListPaths = (
			);
			inputPaths = (
			);
			name = Swiftgen;
			outputFileListPaths = (
			);
			outputPaths = (
			);
			runOnlyForDeploymentPostprocessing = 0;
			shellPath = /bin/sh;
			shellScript = "if [[ \"$(uname -m)\" == arm64 ]]; then\n    export PATH=\"/opt/homebrew/bin:$PATH\"\nfi\n\n# Remove read-only permissions temporarily\nchmod +w OpenStreetMapTest/Generated/XCAssets+Generated.swift\n\nif which swiftgen >/dev/null; then\n  swiftgen\nelse\n  echo \"warning: SwiftGen not installed, download it from https://github.com/SwiftGen/SwiftGen\"\nfi\n\n# Set read-only permissions\nchmod a-w OpenStreetMapTest/Generated/XCAssets+Generated.swift\n";
			showEnvVarsInLog = 0;
		};
/* End PBXShellScriptBuildPhase section */

/* Begin PBXSourcesBuildPhase section */
		21AA819B2BA1ABC200E4FCDC /* Sources */ = {
			isa = PBXSourcesBuildPhase;
			buildActionMask = 2147483647;
			files = (
				2191716E2BA1B1B500E74011 /* CircleButton.swift in Sources */,
				21AA81A72BA1ABC200E4FCDC /* MainViewController.swift in Sources */,
				21AA81A32BA1ABC200E4FCDC /* AppDelegate.swift in Sources */,
				219171762BA1B57A00E74011 /* InfoPopupViewController.swift in Sources */,
				219171712BA1B4EF00E74011 /* PointAnnotation+setup.swift in Sources */,
				21AA81A52BA1ABC200E4FCDC /* SceneDelegate.swift in Sources */,
				219171692BA1AE8600E74011 /* XCAssets+Generated.swift in Sources */,
				2191717A2BA1B67300E74011 /* AnnotationView.swift in Sources */,
				219171742BA1B51300E74011 /* PointAnnotationInfo.swift in Sources */,
				219171782BA1B5D000E74011 /* FillDataPopupViewController.swift in Sources */,
			);
			runOnlyForDeploymentPostprocessing = 0;
		};
/* End PBXSourcesBuildPhase section */

/* Begin PBXVariantGroup section */
		21AA81AD2BA1ABC400E4FCDC /* LaunchScreen.storyboard */ = {
			isa = PBXVariantGroup;
			children = (
				21AA81AE2BA1ABC400E4FCDC /* Base */,
			);
			name = LaunchScreen.storyboard;
			sourceTree = "<group>";
		};
/* End PBXVariantGroup section */

/* Begin XCBuildConfiguration section */
		21AA81B12BA1ABC400E4FCDC /* Debug */ = {
			isa = XCBuildConfiguration;
			buildSettings = {
				ALWAYS_SEARCH_USER_PATHS = NO;
				ASSETCATALOG_COMPILER_GENERATE_SWIFT_ASSET_SYMBOL_EXTENSIONS = YES;
				CLANG_ANALYZER_NONNULL = YES;
				CLANG_ANALYZER_NUMBER_OBJECT_CONVERSION = YES_AGGRESSIVE;
				CLANG_CXX_LANGUAGE_STANDARD = "gnu++20";
				CLANG_ENABLE_MODULES = YES;
				CLANG_ENABLE_OBJC_ARC = YES;
				CLANG_ENABLE_OBJC_WEAK = YES;
				CLANG_WARN_BLOCK_CAPTURE_AUTORELEASING = YES;
				CLANG_WARN_BOOL_CONVERSION = YES;
				CLANG_WARN_COMMA = YES;
				CLANG_WARN_CONSTANT_CONVERSION = YES;
				CLANG_WARN_DEPRECATED_OBJC_IMPLEMENTATIONS = YES;
				CLANG_WARN_DIRECT_OBJC_ISA_USAGE = YES_ERROR;
				CLANG_WARN_DOCUMENTATION_COMMENTS = YES;
				CLANG_WARN_EMPTY_BODY = YES;
				CLANG_WARN_ENUM_CONVERSION = YES;
				CLANG_WARN_INFINITE_RECURSION = YES;
				CLANG_WARN_INT_CONVERSION = YES;
				CLANG_WARN_NON_LITERAL_NULL_CONVERSION = YES;
				CLANG_WARN_OBJC_IMPLICIT_RETAIN_SELF = YES;
				CLANG_WARN_OBJC_LITERAL_CONVERSION = YES;
				CLANG_WARN_OBJC_ROOT_CLASS = YES_ERROR;
				CLANG_WARN_QUOTED_INCLUDE_IN_FRAMEWORK_HEADER = YES;
				CLANG_WARN_RANGE_LOOP_ANALYSIS = YES;
				CLANG_WARN_STRICT_PROTOTYPES = YES;
				CLANG_WARN_SUSPICIOUS_MOVE = YES;
				CLANG_WARN_UNGUARDED_AVAILABILITY = YES_AGGRESSIVE;
				CLANG_WARN_UNREACHABLE_CODE = YES;
				CLANG_WARN__DUPLICATE_METHOD_MATCH = YES;
				COPY_PHASE_STRIP = NO;
				DEBUG_INFORMATION_FORMAT = dwarf;
				ENABLE_STRICT_OBJC_MSGSEND = YES;
				ENABLE_TESTABILITY = YES;
				ENABLE_USER_SCRIPT_SANDBOXING = YES;
				GCC_C_LANGUAGE_STANDARD = gnu17;
				GCC_DYNAMIC_NO_PIC = NO;
				GCC_NO_COMMON_BLOCKS = YES;
				GCC_OPTIMIZATION_LEVEL = 0;
				GCC_PREPROCESSOR_DEFINITIONS = (
					"DEBUG=1",
					"$(inherited)",
				);
				GCC_WARN_64_TO_32_BIT_CONVERSION = YES;
				GCC_WARN_ABOUT_RETURN_TYPE = YES_ERROR;
				GCC_WARN_UNDECLARED_SELECTOR = YES;
				GCC_WARN_UNINITIALIZED_AUTOS = YES_AGGRESSIVE;
				GCC_WARN_UNUSED_FUNCTION = YES;
				GCC_WARN_UNUSED_VARIABLE = YES;
				IPHONEOS_DEPLOYMENT_TARGET = 17.0;
				LOCALIZATION_PREFERS_STRING_CATALOGS = YES;
				MTL_ENABLE_DEBUG_INFO = INCLUDE_SOURCE;
				MTL_FAST_MATH = YES;
				ONLY_ACTIVE_ARCH = YES;
				SDKROOT = iphoneos;
				SWIFT_ACTIVE_COMPILATION_CONDITIONS = "DEBUG $(inherited)";
				SWIFT_OPTIMIZATION_LEVEL = "-Onone";
			};
			name = Debug;
		};
		21AA81B22BA1ABC400E4FCDC /* Release */ = {
			isa = XCBuildConfiguration;
			buildSettings = {
				ALWAYS_SEARCH_USER_PATHS = NO;
				ASSETCATALOG_COMPILER_GENERATE_SWIFT_ASSET_SYMBOL_EXTENSIONS = YES;
				CLANG_ANALYZER_NONNULL = YES;
				CLANG_ANALYZER_NUMBER_OBJECT_CONVERSION = YES_AGGRESSIVE;
				CLANG_CXX_LANGUAGE_STANDARD = "gnu++20";
				CLANG_ENABLE_MODULES = YES;
				CLANG_ENABLE_OBJC_ARC = YES;
				CLANG_ENABLE_OBJC_WEAK = YES;
				CLANG_WARN_BLOCK_CAPTURE_AUTORELEASING = YES;
				CLANG_WARN_BOOL_CONVERSION = YES;
				CLANG_WARN_COMMA = YES;
				CLANG_WARN_CONSTANT_CONVERSION = YES;
				CLANG_WARN_DEPRECATED_OBJC_IMPLEMENTATIONS = YES;
				CLANG_WARN_DIRECT_OBJC_ISA_USAGE = YES_ERROR;
				CLANG_WARN_DOCUMENTATION_COMMENTS = YES;
				CLANG_WARN_EMPTY_BODY = YES;
				CLANG_WARN_ENUM_CONVERSION = YES;
				CLANG_WARN_INFINITE_RECURSION = YES;
				CLANG_WARN_INT_CONVERSION = YES;
				CLANG_WARN_NON_LITERAL_NULL_CONVERSION = YES;
				CLANG_WARN_OBJC_IMPLICIT_RETAIN_SELF = YES;
				CLANG_WARN_OBJC_LITERAL_CONVERSION = YES;
				CLANG_WARN_OBJC_ROOT_CLASS = YES_ERROR;
				CLANG_WARN_QUOTED_INCLUDE_IN_FRAMEWORK_HEADER = YES;
				CLANG_WARN_RANGE_LOOP_ANALYSIS = YES;
				CLANG_WARN_STRICT_PROTOTYPES = YES;
				CLANG_WARN_SUSPICIOUS_MOVE = YES;
				CLANG_WARN_UNGUARDED_AVAILABILITY = YES_AGGRESSIVE;
				CLANG_WARN_UNREACHABLE_CODE = YES;
				CLANG_WARN__DUPLICATE_METHOD_MATCH = YES;
				COPY_PHASE_STRIP = NO;
				DEBUG_INFORMATION_FORMAT = "dwarf-with-dsym";
				ENABLE_NS_ASSERTIONS = NO;
				ENABLE_STRICT_OBJC_MSGSEND = YES;
				ENABLE_USER_SCRIPT_SANDBOXING = YES;
				GCC_C_LANGUAGE_STANDARD = gnu17;
				GCC_NO_COMMON_BLOCKS = YES;
				GCC_WARN_64_TO_32_BIT_CONVERSION = YES;
				GCC_WARN_ABOUT_RETURN_TYPE = YES_ERROR;
				GCC_WARN_UNDECLARED_SELECTOR = YES;
				GCC_WARN_UNINITIALIZED_AUTOS = YES_AGGRESSIVE;
				GCC_WARN_UNUSED_FUNCTION = YES;
				GCC_WARN_UNUSED_VARIABLE = YES;
				IPHONEOS_DEPLOYMENT_TARGET = 17.0;
				LOCALIZATION_PREFERS_STRING_CATALOGS = YES;
				MTL_ENABLE_DEBUG_INFO = NO;
				MTL_FAST_MATH = YES;
				SDKROOT = iphoneos;
				SWIFT_COMPILATION_MODE = wholemodule;
				VALIDATE_PRODUCT = YES;
			};
			name = Release;
		};
		21AA81B42BA1ABC400E4FCDC /* Debug */ = {
			isa = XCBuildConfiguration;
			buildSettings = {
				ASSETCATALOG_COMPILER_APPICON_NAME = AppIcon;
				ASSETCATALOG_COMPILER_GLOBAL_ACCENT_COLOR_NAME = AccentColor;
				CODE_SIGN_STYLE = Automatic;
				CURRENT_PROJECT_VERSION = 1;
				ENABLE_USER_SCRIPT_SANDBOXING = NO;
				GENERATE_INFOPLIST_FILE = YES;
				INFOPLIST_FILE = OpenStreetMapTest/SupportingFiles/Info.plist;
				INFOPLIST_KEY_UIApplicationSupportsIndirectInputEvents = YES;
				INFOPLIST_KEY_UILaunchStoryboardName = LaunchScreen;
				INFOPLIST_KEY_UISupportedInterfaceOrientations_iPad = "UIInterfaceOrientationPortrait UIInterfaceOrientationPortraitUpsideDown UIInterfaceOrientationLandscapeLeft UIInterfaceOrientationLandscapeRight";
				INFOPLIST_KEY_UISupportedInterfaceOrientations_iPhone = "UIInterfaceOrientationPortrait UIInterfaceOrientationLandscapeLeft UIInterfaceOrientationLandscapeRight";
				LD_RUNPATH_SEARCH_PATHS = (
					"$(inherited)",
					"@executable_path/Frameworks",
				);
				MARKETING_VERSION = 1.0;
				PRODUCT_BUNDLE_IDENTIFIER = com.vlad.OpenStreetMapTest;
				PRODUCT_NAME = "$(TARGET_NAME)";
				SWIFT_EMIT_LOC_STRINGS = YES;
				SWIFT_VERSION = 5.0;
				TARGETED_DEVICE_FAMILY = "1,2";
			};
			name = Debug;
		};
		21AA81B52BA1ABC400E4FCDC /* Release */ = {
			isa = XCBuildConfiguration;
			buildSettings = {
				ASSETCATALOG_COMPILER_APPICON_NAME = AppIcon;
				ASSETCATALOG_COMPILER_GLOBAL_ACCENT_COLOR_NAME = AccentColor;
				CODE_SIGN_STYLE = Automatic;
				CURRENT_PROJECT_VERSION = 1;
				ENABLE_USER_SCRIPT_SANDBOXING = NO;
				GENERATE_INFOPLIST_FILE = YES;
				INFOPLIST_FILE = OpenStreetMapTest/SupportingFiles/Info.plist;
				INFOPLIST_KEY_UIApplicationSupportsIndirectInputEvents = YES;
				INFOPLIST_KEY_UILaunchStoryboardName = LaunchScreen;
				INFOPLIST_KEY_UISupportedInterfaceOrientations_iPad = "UIInterfaceOrientationPortrait UIInterfaceOrientationPortraitUpsideDown UIInterfaceOrientationLandscapeLeft UIInterfaceOrientationLandscapeRight";
				INFOPLIST_KEY_UISupportedInterfaceOrientations_iPhone = "UIInterfaceOrientationPortrait UIInterfaceOrientationLandscapeLeft UIInterfaceOrientationLandscapeRight";
				LD_RUNPATH_SEARCH_PATHS = (
					"$(inherited)",
					"@executable_path/Frameworks",
				);
				MARKETING_VERSION = 1.0;
				PRODUCT_BUNDLE_IDENTIFIER = com.vlad.OpenStreetMapTest;
				PRODUCT_NAME = "$(TARGET_NAME)";
				SWIFT_EMIT_LOC_STRINGS = YES;
				SWIFT_VERSION = 5.0;
				TARGETED_DEVICE_FAMILY = "1,2";
			};
			name = Release;
		};
/* End XCBuildConfiguration section */

/* Begin XCConfigurationList section */
		21AA819A2BA1ABC200E4FCDC /* Build configuration list for PBXProject "OpenStreetMapTest" */ = {
			isa = XCConfigurationList;
			buildConfigurations = (
				21AA81B12BA1ABC400E4FCDC /* Debug */,
				21AA81B22BA1ABC400E4FCDC /* Release */,
			);
			defaultConfigurationIsVisible = 0;
			defaultConfigurationName = Release;
		};
		21AA81B32BA1ABC400E4FCDC /* Build configuration list for PBXNativeTarget "OpenStreetMapTest" */ = {
			isa = XCConfigurationList;
			buildConfigurations = (
				21AA81B42BA1ABC400E4FCDC /* Debug */,
				21AA81B52BA1ABC400E4FCDC /* Release */,
			);
			defaultConfigurationIsVisible = 0;
			defaultConfigurationName = Release;
		};
/* End XCConfigurationList section */

/* Begin XCRemoteSwiftPackageReference section */
		2191716A2BA1B08E00E74011 /* XCRemoteSwiftPackageReference "mapbox-maps-ios" */ = {
			isa = XCRemoteSwiftPackageReference;
			repositoryURL = "https://github.com/mapbox/mapbox-maps-ios.git";
			requirement = {
				kind = exactVersion;
				version = 11.2.0;
			};
		};
/* End XCRemoteSwiftPackageReference section */

/* Begin XCSwiftPackageProductDependency section */
		2191716B2BA1B08E00E74011 /* MapboxMaps */ = {
			isa = XCSwiftPackageProductDependency;
			package = 2191716A2BA1B08E00E74011 /* XCRemoteSwiftPackageReference "mapbox-maps-ios" */;
			productName = MapboxMaps;
		};
/* End XCSwiftPackageProductDependency section */
	};
	rootObject = 21AA81972BA1ABC200E4FCDC /* Project object */;
}
